
Microsoft Visual Studio Solution File, Format Version 12.00
# Visual Studio Version 16
VisualStudioVersion = 16.0.29324.140
MinimumVisualStudioVersion = 15.0.26124.0
Project("{9A19103F-16F7-4668-BE54-9A1E7A4F7556}") = "Assignment6", "Assignment6\Assignment6.csproj", "{4C7EC39E-FDB6-4D15-89DF-15AB0BADF554}"
EndProject
Project("{FAE04EC0-301F-11D3-BF4B-00C04F79EFBC}") = "Array.Tests", "Array.Tests\Array.Tests.csproj", "{E4455C39-23EE-4CBD-83A0-10AD86245002}"
EndProject
Global
	GlobalSection(SolutionConfigurationPlatforms) = preSolution
		Debug|Any CPU = Debug|Any CPU
		Debug|x64 = Debug|x64
		Debug|x86 = Debug|x86
		Release|Any CPU = Release|Any CPU
		Release|x64 = Release|x64
		Release|x86 = Release|x86
	EndGlobalSection
	GlobalSection(ProjectConfigurationPlatforms) = postSolution
		{4C7EC39E-FDB6-4D15-89DF-15AB0BADF554}.Debug|Any CPU.ActiveCfg = Debug|Any CPU
		{4C7EC39E-FDB6-4D15-89DF-15AB0BADF554}.Debug|Any CPU.Build.0 = Debug|Any CPU
		{4C7EC39E-FDB6-4D15-89DF-15AB0BADF554}.Debug|x64.ActiveCfg = Debug|Any CPU
		{4C7EC39E-FDB6-4D15-89DF-15AB0BADF554}.Debug|x64.Build.0 = Debug|Any CPU
		{4C7EC39E-FDB6-4D15-89DF-15AB0BADF554}.Debug|x86.ActiveCfg = Debug|Any CPU
		{4C7EC39E-FDB6-4D15-89DF-15AB0BADF554}.Debug|x86.Build.0 = Debug|Any CPU
		{4C7EC39E-FDB6-4D15-89DF-15AB0BADF554}.Release|Any CPU.ActiveCfg = Release|Any CPU
		{4C7EC39E-FDB6-4D15-89DF-15AB0BADF554}.Release|Any CPU.Build.0 = Release|Any CPU
		{4C7EC39E-FDB6-4D15-89DF-15AB0BADF554}.Release|x64.ActiveCfg = Release|Any CPU
		{4C7EC39E-FDB6-4D15-89DF-15AB0BADF554}.Release|x64.Build.0 = Release|Any CPU
		{4C7EC39E-FDB6-4D15-89DF-15AB0BADF554}.Release|x86.ActiveCfg = Release|Any CPU
		{4C7EC39E-FDB6-4D15-89DF-15AB0BADF554}.Release|x86.Build.0 = Release|Any CPU
		{E4455C39-23EE-4CBD-83A0-10AD86245002}.Debug|Any CPU.ActiveCfg = Debug|Any CPU
		{E4455C39-23EE-4CBD-83A0-10AD86245002}.Debug|Any CPU.Build.0 = Debug|Any CPU
		{E4455C39-23EE-4CBD-83A0-10AD86245002}.Debug|x64.ActiveCfg = Debug|Any CPU
		{E4455C39-23EE-4CBD-83A0-10AD86245002}.Debug|x64.Build.0 = Debug|Any CPU
		{E4455C39-23EE-4CBD-83A0-10AD86245002}.Debug|x86.ActiveCfg = Debug|Any CPU
		{E4455C39-23EE-4CBD-83A0-10AD86245002}.Debug|x86.Build.0 = Debug|Any CPU
		{E4455C39-23EE-4CBD-83A0-10AD86245002}.Release|Any CPU.ActiveCfg = Release|Any CPU
		{E4455C39-23EE-4CBD-83A0-10AD86245002}.Release|Any CPU.Build.0 = Release|Any CPU
		{E4455C39-23EE-4CBD-83A0-10AD86245002}.Release|x64.ActiveCfg = Release|Any CPU
		{E4455C39-23EE-4CBD-83A0-10AD86245002}.Release|x64.Build.0 = Release|Any CPU
		{E4455C39-23EE-4CBD-83A0-10AD86245002}.Release|x86.ActiveCfg = Release|Any CPU
		{E4455C39-23EE-4CBD-83A0-10AD86245002}.Release|x86.Build.0 = Release|Any CPU
	EndGlobalSection
	GlobalSection(SolutionProperties) = preSolution
		HideSolutionNode = FALSE
	EndGlobalSection
	GlobalSection(ExtensibilityGlobals) = postSolution
		SolutionGuid = {46156050-45E7-495E-B63D-CA4122B244DE}
	EndGlobalSection
EndGlobal
